
Microsoft Visual Studio Solution File, Format Version 12.00
# Visual Studio Version 17
VisualStudioVersion = 17.9.34728.123
MinimumVisualStudioVersion = 10.0.40219.1
Project("{FAE04EC0-301F-11D3-BF4B-00C04F79EFBC}") = "Training_Assesment", "Training_Assesment\Training_Assesment.csproj", "{89EE14A5-FE81-4CA6-9298-BE7A6A83A2FD}"
EndProject
Global
	GlobalSection(SolutionConfigurationPlatforms) = preSolution
		Debug|Any CPU = Debug|Any CPU
		Release|Any CPU = Release|Any CPU
	EndGlobalSection
	GlobalSection(ProjectConfigurationPlatforms) = postSolution
		{89EE14A5-FE81-4CA6-9298-BE7A6A83A2FD}.Debug|Any CPU.ActiveCfg = Debug|Any CPU
		{89EE14A5-FE81-4CA6-9298-BE7A6A83A2FD}.Debug|Any CPU.Build.0 = Debug|Any CPU
		{89EE14A5-FE81-4CA6-9298-BE7A6A83A2FD}.Release|Any CPU.ActiveCfg = Release|Any CPU
		{89EE14A5-FE81-4CA6-9298-BE7A6A83A2FD}.Release|Any CPU.Build.0 = Release|Any CPU
	EndGlobalSection
	GlobalSection(SolutionProperties) = preSolution
		HideSolutionNode = FALSE
	EndGlobalSection
	GlobalSection(ExtensibilityGlobals) = postSolution
		SolutionGuid = {9F5E72C0-675D-4110-B42B-BC39CF9854A0}
	EndGlobalSection
EndGlobal
